
Microsoft Visual Studio Solution File, Format Version 12.00
# Visual Studio Version 17
VisualStudioVersion = 17.3.32825.248
MinimumVisualStudioVersion = 10.0.40219.1
Project("{FAE04EC0-301F-11D3-BF4B-00C04F79EFBC}") = "bckPlatanera", "bckPlatanera\bckPlatanera.csproj", "{E5DB0412-7936-4F43-9D8D-FDDECB6A475D}"
EndProject
Global
	GlobalSection(SolutionConfigurationPlatforms) = preSolution
		Debug|Any CPU = Debug|Any CPU
		Release|Any CPU = Release|Any CPU
	EndGlobalSection
	GlobalSection(ProjectConfigurationPlatforms) = postSolution
		{E5DB0412-7936-4F43-9D8D-FDDECB6A475D}.Debug|Any CPU.ActiveCfg = Debug|Any CPU
		{E5DB0412-7936-4F43-9D8D-FDDECB6A475D}.Debug|Any CPU.Build.0 = Debug|Any CPU
		{E5DB0412-7936-4F43-9D8D-FDDECB6A475D}.Release|Any CPU.ActiveCfg = Release|Any CPU
		{E5DB0412-7936-4F43-9D8D-FDDECB6A475D}.Release|Any CPU.Build.0 = Release|Any CPU
	EndGlobalSection
	GlobalSection(SolutionProperties) = preSolution
		HideSolutionNode = FALSE
	EndGlobalSection
	GlobalSection(ExtensibilityGlobals) = postSolution
		SolutionGuid = {18B88AAE-5563-4531-BDA2-2EF1495ADCA1}
	EndGlobalSection
EndGlobal
